
Microsoft Visual Studio Solution File, Format Version 12.00
Project("{2150E333-8FDC-42A3-9474-1A3956D46DE8}") = "Shared", "Shared", "{30C7B7CF-9144-4AA9-8429-48FAD8931FA9}"
EndProject
Project("{FAE04EC0-301F-11D3-BF4B-00C04F79EFBC}") = "ECommercePlatform.Shared.EventBus", "ECommercePlatform.Shared.EventBus\ECommercePlatform.Shared.EventBus.csproj", "{4BCB50ED-1D02-4456-BC98-6EBC406A6E5C}"
EndProject
Project("{FAE04EC0-301F-11D3-BF4B-00C04F79EFBC}") = "ECommercePlatform.Shared.Utils", "ECommercePlatform.Shared.Utils\ECommercePlatform.Shared.Utils.csproj", "{869BB983-145A-49C8-9AAE-3331F75F0373}"
EndProject
Project("{FAE04EC0-301F-11D3-BF4B-00C04F79EFBC}") = "ECommercePlatform.Shared.Logging", "ECommercePlatform.Shared.Logging\ECommercePlatform.Shared.Logging.csproj", "{3FFAC786-BEC2-4F50-9436-2E9196A9E1C1}"
EndProject
Project("{2150E333-8FDC-42A3-9474-1A3956D46DE8}") = "Services", "Services", "{41BC6C59-77AA-4FF1-9C8C-460E5955C963}"
EndProject
Project("{2150E333-8FDC-42A3-9474-1A3956D46DE8}") = "User", "User", "{3E876A29-2AE7-4EF4-93F8-798D510DB5A9}"
EndProject
Project("{2150E333-8FDC-42A3-9474-1A3956D46DE8}") = "Merchant", "Merchant", "{AED0D0C1-6889-4B81-A26B-982F1BE55DD6}"
EndProject
Project("{2150E333-8FDC-42A3-9474-1A3956D46DE8}") = "UserActivityTracking", "UserActivityTracking", "{706584EB-2C57-4143-81AB-D8F7D2BE7655}"
EndProject
Project("{2150E333-8FDC-42A3-9474-1A3956D46DE8}") = "ShoppingCart", "ShoppingCart", "{CBCC408A-FC28-4765-9F6A-66F6E2E6D9C1}"
EndProject
Project("{2150E333-8FDC-42A3-9474-1A3956D46DE8}") = "Notification", "Notification", "{E36D1EA2-FE06-4E7F-AC29-4458FC65E164}"
EndProject
Project("{2150E333-8FDC-42A3-9474-1A3956D46DE8}") = "Authentication", "Authentication", "{D8C1328D-AF22-45C2-AB70-25E2E79492A2}"
EndProject
Project("{2150E333-8FDC-42A3-9474-1A3956D46DE8}") = "Recommendations", "Recommendations", "{E06DBDB6-7007-414D-9EDF-1719757BFDD5}"
EndProject
Project("{2150E333-8FDC-42A3-9474-1A3956D46DE8}") = "Store", "Store", "{C9478D0E-10E0-416D-8136-1776DB77AE4C}"
EndProject
Project("{2150E333-8FDC-42A3-9474-1A3956D46DE8}") = "Product", "Product", "{F0F52029-7EBD-45A9-A1FC-7C3CEF950F32}"
EndProject
Project("{2150E333-8FDC-42A3-9474-1A3956D46DE8}") = "AdminDasboard", "AdminDasboard", "{754DE9FA-83CF-498C-AE76-8B57278A3257}"
EndProject
Project("{2150E333-8FDC-42A3-9474-1A3956D46DE8}") = "OrderProcessing", "OrderProcessing", "{3A4F7369-F151-4EBC-ADD7-1B8E28A3B409}"
EndProject
Project("{2150E333-8FDC-42A3-9474-1A3956D46DE8}") = "PaymentGateway", "PaymentGateway", "{D2685A37-F731-4490-A3BF-18EB5019E87E}"
EndProject
Project("{2150E333-8FDC-42A3-9474-1A3956D46DE8}") = "Webhooks", "Webhooks", "{797E94DC-1FE1-4931-BDF6-5F5AECD9B2BC}"
EndProject
Project("{2150E333-8FDC-42A3-9474-1A3956D46DE8}") = "Discounts", "Discounts", "{C7ADC334-86F2-403E-A535-F11C14A5E2BF}"
EndProject
Project("{2150E333-8FDC-42A3-9474-1A3956D46DE8}") = "Branding", "Branding", "{76929D7E-E780-4668-8278-B45927E9E74A}"
EndProject
Project("{2150E333-8FDC-42A3-9474-1A3956D46DE8}") = "Gateways", "Gateways", "{E380AEC4-88DE-4E75-8A19-E104BFADFA52}"
EndProject
Project("{FAE04EC0-301F-11D3-BF4B-00C04F79EFBC}") = "Gateway.Web", "Gateway.Web\Gateway.Web.csproj", "{983B2400-D847-40EE-9F70-C14990074773}"
EndProject
Project("{2150E333-8FDC-42A3-9474-1A3956D46DE8}") = "Integrations", "Integrations", "{E656FD14-4023-426B-92BD-399CD3369A0D}"
EndProject
Project("{2150E333-8FDC-42A3-9474-1A3956D46DE8}") = "Clients", "Clients", "{895D0FC6-D5C5-4DE8-866E-691347B3B85D}"
EndProject
Project("{2150E333-8FDC-42A3-9474-1A3956D46DE8}") = "Test", "Test", "{64A908BF-0E5B-4783-A4B5-EFE4C02F0312}"
EndProject
Project("{FAE04EC0-301F-11D3-BF4B-00C04F79EFBC}") = "ECommercePlatform.Shared.ServiceDefaults", "ECommercePlatform.Shared.ServiceDefaults\ECommercePlatform.Shared.ServiceDefaults.csproj", "{35AE8D84-9AE3-4315-8AA8-324380AD3C41}"
EndProject
Project("{FAE04EC0-301F-11D3-BF4B-00C04F79EFBC}") = "ECommercePlatform.Services.User.Domain", "ECommercePlatform.Services.User.Domain\ECommercePlatform.Services.User.Domain.csproj", "{32597B9F-A07D-43B3-8FC5-ED2C46016117}"
EndProject
Project("{FAE04EC0-301F-11D3-BF4B-00C04F79EFBC}") = "ECommercePlatform.Services.User.Application", "ECommercePlatform.Services.User.Application\ECommercePlatform.Services.User.Application.csproj", "{ED95FC85-577C-4E15-95AC-395E23D8B056}"
EndProject
Project("{FAE04EC0-301F-11D3-BF4B-00C04F79EFBC}") = "ECommercePlatform.Services.User.Infrastructure", "ECommercePlatform.Services.User.Infrastructure\ECommercePlatform.Services.User.Infrastructure.csproj", "{D286BF41-4F18-4677-8717-4EAE5A63385A}"
EndProject
Project("{FAE04EC0-301F-11D3-BF4B-00C04F79EFBC}") = "ECommercePlatform.Services.User.Web", "ECommercePlatform.Services.User.Web\ECommercePlatform.Services.User.Web.csproj", "{FB526976-94F0-437A-8C8E-4D99E04C5791}"
EndProject
Global
	GlobalSection(SolutionConfigurationPlatforms) = preSolution
		Debug|Any CPU = Debug|Any CPU
		Release|Any CPU = Release|Any CPU
	EndGlobalSection
	GlobalSection(NestedProjects) = preSolution
		{4BCB50ED-1D02-4456-BC98-6EBC406A6E5C} = {30C7B7CF-9144-4AA9-8429-48FAD8931FA9}
		{869BB983-145A-49C8-9AAE-3331F75F0373} = {30C7B7CF-9144-4AA9-8429-48FAD8931FA9}
		{3FFAC786-BEC2-4F50-9436-2E9196A9E1C1} = {30C7B7CF-9144-4AA9-8429-48FAD8931FA9}
		{3E876A29-2AE7-4EF4-93F8-798D510DB5A9} = {41BC6C59-77AA-4FF1-9C8C-460E5955C963}
		{AED0D0C1-6889-4B81-A26B-982F1BE55DD6} = {41BC6C59-77AA-4FF1-9C8C-460E5955C963}
		{706584EB-2C57-4143-81AB-D8F7D2BE7655} = {41BC6C59-77AA-4FF1-9C8C-460E5955C963}
		{CBCC408A-FC28-4765-9F6A-66F6E2E6D9C1} = {41BC6C59-77AA-4FF1-9C8C-460E5955C963}
		{E36D1EA2-FE06-4E7F-AC29-4458FC65E164} = {41BC6C59-77AA-4FF1-9C8C-460E5955C963}
		{D8C1328D-AF22-45C2-AB70-25E2E79492A2} = {41BC6C59-77AA-4FF1-9C8C-460E5955C963}
		{E06DBDB6-7007-414D-9EDF-1719757BFDD5} = {41BC6C59-77AA-4FF1-9C8C-460E5955C963}
		{C9478D0E-10E0-416D-8136-1776DB77AE4C} = {41BC6C59-77AA-4FF1-9C8C-460E5955C963}
		{F0F52029-7EBD-45A9-A1FC-7C3CEF950F32} = {41BC6C59-77AA-4FF1-9C8C-460E5955C963}
		{754DE9FA-83CF-498C-AE76-8B57278A3257} = {41BC6C59-77AA-4FF1-9C8C-460E5955C963}
		{3A4F7369-F151-4EBC-ADD7-1B8E28A3B409} = {41BC6C59-77AA-4FF1-9C8C-460E5955C963}
		{D2685A37-F731-4490-A3BF-18EB5019E87E} = {41BC6C59-77AA-4FF1-9C8C-460E5955C963}
		{797E94DC-1FE1-4931-BDF6-5F5AECD9B2BC} = {41BC6C59-77AA-4FF1-9C8C-460E5955C963}
		{C7ADC334-86F2-403E-A535-F11C14A5E2BF} = {41BC6C59-77AA-4FF1-9C8C-460E5955C963}
		{76929D7E-E780-4668-8278-B45927E9E74A} = {41BC6C59-77AA-4FF1-9C8C-460E5955C963}
		{983B2400-D847-40EE-9F70-C14990074773} = {E380AEC4-88DE-4E75-8A19-E104BFADFA52}
		{35AE8D84-9AE3-4315-8AA8-324380AD3C41} = {30C7B7CF-9144-4AA9-8429-48FAD8931FA9}
		{32597B9F-A07D-43B3-8FC5-ED2C46016117} = {3E876A29-2AE7-4EF4-93F8-798D510DB5A9}
		{ED95FC85-577C-4E15-95AC-395E23D8B056} = {3E876A29-2AE7-4EF4-93F8-798D510DB5A9}
		{D286BF41-4F18-4677-8717-4EAE5A63385A} = {3E876A29-2AE7-4EF4-93F8-798D510DB5A9}
		{FB526976-94F0-437A-8C8E-4D99E04C5791} = {3E876A29-2AE7-4EF4-93F8-798D510DB5A9}
	EndGlobalSection
	GlobalSection(ProjectConfigurationPlatforms) = postSolution
		{4BCB50ED-1D02-4456-BC98-6EBC406A6E5C}.Debug|Any CPU.ActiveCfg = Debug|Any CPU
		{4BCB50ED-1D02-4456-BC98-6EBC406A6E5C}.Debug|Any CPU.Build.0 = Debug|Any CPU
		{4BCB50ED-1D02-4456-BC98-6EBC406A6E5C}.Release|Any CPU.ActiveCfg = Release|Any CPU
		{4BCB50ED-1D02-4456-BC98-6EBC406A6E5C}.Release|Any CPU.Build.0 = Release|Any CPU
		{869BB983-145A-49C8-9AAE-3331F75F0373}.Debug|Any CPU.ActiveCfg = Debug|Any CPU
		{869BB983-145A-49C8-9AAE-3331F75F0373}.Debug|Any CPU.Build.0 = Debug|Any CPU
		{869BB983-145A-49C8-9AAE-3331F75F0373}.Release|Any CPU.ActiveCfg = Release|Any CPU
		{869BB983-145A-49C8-9AAE-3331F75F0373}.Release|Any CPU.Build.0 = Release|Any CPU
		{3FFAC786-BEC2-4F50-9436-2E9196A9E1C1}.Debug|Any CPU.ActiveCfg = Debug|Any CPU
		{3FFAC786-BEC2-4F50-9436-2E9196A9E1C1}.Debug|Any CPU.Build.0 = Debug|Any CPU
		{3FFAC786-BEC2-4F50-9436-2E9196A9E1C1}.Release|Any CPU.ActiveCfg = Release|Any CPU
		{3FFAC786-BEC2-4F50-9436-2E9196A9E1C1}.Release|Any CPU.Build.0 = Release|Any CPU
		{983B2400-D847-40EE-9F70-C14990074773}.Debug|Any CPU.ActiveCfg = Debug|Any CPU
		{983B2400-D847-40EE-9F70-C14990074773}.Debug|Any CPU.Build.0 = Debug|Any CPU
		{983B2400-D847-40EE-9F70-C14990074773}.Release|Any CPU.ActiveCfg = Release|Any CPU
		{983B2400-D847-40EE-9F70-C14990074773}.Release|Any CPU.Build.0 = Release|Any CPU
		{35AE8D84-9AE3-4315-8AA8-324380AD3C41}.Debug|Any CPU.ActiveCfg = Debug|Any CPU
		{35AE8D84-9AE3-4315-8AA8-324380AD3C41}.Debug|Any CPU.Build.0 = Debug|Any CPU
		{35AE8D84-9AE3-4315-8AA8-324380AD3C41}.Release|Any CPU.ActiveCfg = Release|Any CPU
		{35AE8D84-9AE3-4315-8AA8-324380AD3C41}.Release|Any CPU.Build.0 = Release|Any CPU
		{32597B9F-A07D-43B3-8FC5-ED2C46016117}.Debug|Any CPU.ActiveCfg = Debug|Any CPU
		{32597B9F-A07D-43B3-8FC5-ED2C46016117}.Debug|Any CPU.Build.0 = Debug|Any CPU
		{32597B9F-A07D-43B3-8FC5-ED2C46016117}.Release|Any CPU.ActiveCfg = Release|Any CPU
		{32597B9F-A07D-43B3-8FC5-ED2C46016117}.Release|Any CPU.Build.0 = Release|Any CPU
		{ED95FC85-577C-4E15-95AC-395E23D8B056}.Debug|Any CPU.ActiveCfg = Debug|Any CPU
		{ED95FC85-577C-4E15-95AC-395E23D8B056}.Debug|Any CPU.Build.0 = Debug|Any CPU
		{ED95FC85-577C-4E15-95AC-395E23D8B056}.Release|Any CPU.ActiveCfg = Release|Any CPU
		{ED95FC85-577C-4E15-95AC-395E23D8B056}.Release|Any CPU.Build.0 = Release|Any CPU
		{D286BF41-4F18-4677-8717-4EAE5A63385A}.Debug|Any CPU.ActiveCfg = Debug|Any CPU
		{D286BF41-4F18-4677-8717-4EAE5A63385A}.Debug|Any CPU.Build.0 = Debug|Any CPU
		{D286BF41-4F18-4677-8717-4EAE5A63385A}.Release|Any CPU.ActiveCfg = Release|Any CPU
		{D286BF41-4F18-4677-8717-4EAE5A63385A}.Release|Any CPU.Build.0 = Release|Any CPU
		{FB526976-94F0-437A-8C8E-4D99E04C5791}.Debug|Any CPU.ActiveCfg = Debug|Any CPU
		{FB526976-94F0-437A-8C8E-4D99E04C5791}.Debug|Any CPU.Build.0 = Debug|Any CPU
		{FB526976-94F0-437A-8C8E-4D99E04C5791}.Release|Any CPU.ActiveCfg = Release|Any CPU
		{FB526976-94F0-437A-8C8E-4D99E04C5791}.Release|Any CPU.Build.0 = Release|Any CPU
	EndGlobalSection
EndGlobal
